
Microsoft Visual Studio Solution File, Format Version 12.00
# Visual Studio Version 16
VisualStudioVersion = 16.0.32510.428
MinimumVisualStudioVersion = 10.0.40219.1
Project("{9A19103F-16F7-4668-BE54-9A1E7A4F7556}") = "Api", "Api\Api.csproj", "{417AC52C-95C9-4DEC-BB1D-A340523FC6DF}"
EndProject
Project("{FAE04EC0-301F-11D3-BF4B-00C04F79EFBC}") = "Updater", "Updater\Updater.csproj", "{FE10C3BA-9B11-4CD9-99DB-954C70E7AE25}"
EndProject
Global
	GlobalSection(SolutionConfigurationPlatforms) = preSolution
		Debug|Any CPU = Debug|Any CPU
		Release|Any CPU = Release|Any CPU
	EndGlobalSection
	GlobalSection(ProjectConfigurationPlatforms) = postSolution
		{417AC52C-95C9-4DEC-BB1D-A340523FC6DF}.Debug|Any CPU.ActiveCfg = Debug|Any CPU
		{417AC52C-95C9-4DEC-BB1D-A340523FC6DF}.Debug|Any CPU.Build.0 = Debug|Any CPU
		{417AC52C-95C9-4DEC-BB1D-A340523FC6DF}.Release|Any CPU.ActiveCfg = Release|Any CPU
		{417AC52C-95C9-4DEC-BB1D-A340523FC6DF}.Release|Any CPU.Build.0 = Release|Any CPU
		{FE10C3BA-9B11-4CD9-99DB-954C70E7AE25}.Debug|Any CPU.ActiveCfg = Debug|Any CPU
		{FE10C3BA-9B11-4CD9-99DB-954C70E7AE25}.Debug|Any CPU.Build.0 = Debug|Any CPU
		{FE10C3BA-9B11-4CD9-99DB-954C70E7AE25}.Release|Any CPU.ActiveCfg = Release|Any CPU
		{FE10C3BA-9B11-4CD9-99DB-954C70E7AE25}.Release|Any CPU.Build.0 = Release|Any CPU
	EndGlobalSection
	GlobalSection(SolutionProperties) = preSolution
		HideSolutionNode = FALSE
	EndGlobalSection
	GlobalSection(ExtensibilityGlobals) = postSolution
		SolutionGuid = {E5F265EC-E590-4017-88ED-F5299A4D26BC}
	EndGlobalSection
EndGlobal
